
Microsoft Visual Studio Solution File, Format Version 12.00
# Visual Studio Version 17
VisualStudioVersion = 17.0.31423.177
MinimumVisualStudioVersion = 10.0.40219.1
Project("{8BC9CEB8-8B4A-11D0-8D11-00A0C91BC942}") = "Logger", "Logger\Logger.vcxproj", "{C70B3386-504D-4540-A1BE-7D00C2347AE9}"
EndProject
Project("{8BC9CEB8-8B4A-11D0-8D11-00A0C91BC942}") = "CoreLib", "submodules\utilities\CoreLib\CoreLib.vcxproj", "{EA04E8E6-B05B-416E-B0A3-218406672173}"
EndProject
Project("{8BC9CEB8-8B4A-11D0-8D11-00A0C91BC942}") = "LoggerTest", "Logger\test\LoggerTest.vcxproj", "{EAA22B22-9D2F-454B-ABB1-D6EC77F1E385}"
EndProject
Project("{8BC9CEB8-8B4A-11D0-8D11-00A0C91BC942}") = "googletest", "submodules\googletest\googletest\googletest.vcxproj", "{0DB6A04F-669B-47B3-9689-7B1A7F4C0943}"
EndProject
Project("{8BC9CEB8-8B4A-11D0-8D11-00A0C91BC942}") = "googlemock", "submodules\googletest\googlemock\googlemock.vcxproj", "{D093761A-08DF-4A74-A0E3-F34DB77A2118}"
EndProject
Project("{8BC9CEB8-8B4A-11D0-8D11-00A0C91BC942}") = "benchmark", "submodules\benchmark\benchmark\benchmark.vcxproj", "{2B8A8DAF-B3E6-401B-89F7-3F7C3FD4B76F}"
EndProject
Project("{2150E333-8FDC-42A3-9474-1A3956D46DE8}") = "submodules", "submodules", "{DF6EF840-6255-4EC0-95DE-D606949FC740}"
EndProject
Project("{8BC9CEB8-8B4A-11D0-8D11-00A0C91BC942}") = "LogLib", "LogLib\LogLib.vcxproj", "{8A84CFAF-D0D5-427A-B70E-84DD047D8575}"
EndProject
Global
	GlobalSection(SolutionConfigurationPlatforms) = preSolution
		Debug|x64 = Debug|x64
		Release|x64 = Release|x64
		SSH_Debug|x64 = SSH_Debug|x64
		SSH_Release|x64 = SSH_Release|x64
		WSL_Debug|x64 = WSL_Debug|x64
		WSL_Release|x64 = WSL_Release|x64
	EndGlobalSection
	GlobalSection(ProjectConfigurationPlatforms) = postSolution
		{C70B3386-504D-4540-A1BE-7D00C2347AE9}.Debug|x64.ActiveCfg = Debug|x64
		{C70B3386-504D-4540-A1BE-7D00C2347AE9}.Debug|x64.Build.0 = Debug|x64
		{C70B3386-504D-4540-A1BE-7D00C2347AE9}.Release|x64.ActiveCfg = Release|x64
		{C70B3386-504D-4540-A1BE-7D00C2347AE9}.Release|x64.Build.0 = Release|x64
		{C70B3386-504D-4540-A1BE-7D00C2347AE9}.SSH_Debug|x64.ActiveCfg = Debug|x64
		{C70B3386-504D-4540-A1BE-7D00C2347AE9}.SSH_Debug|x64.Build.0 = Debug|x64
		{C70B3386-504D-4540-A1BE-7D00C2347AE9}.SSH_Release|x64.ActiveCfg = Release|x64
		{C70B3386-504D-4540-A1BE-7D00C2347AE9}.SSH_Release|x64.Build.0 = Release|x64
		{C70B3386-504D-4540-A1BE-7D00C2347AE9}.WSL_Debug|x64.ActiveCfg = WSL_Debug|x64
		{C70B3386-504D-4540-A1BE-7D00C2347AE9}.WSL_Debug|x64.Build.0 = WSL_Debug|x64
		{C70B3386-504D-4540-A1BE-7D00C2347AE9}.WSL_Release|x64.ActiveCfg = WSL_Release|x64
		{C70B3386-504D-4540-A1BE-7D00C2347AE9}.WSL_Release|x64.Build.0 = WSL_Release|x64
		{EA04E8E6-B05B-416E-B0A3-218406672173}.Debug|x64.ActiveCfg = Debug|x64
		{EA04E8E6-B05B-416E-B0A3-218406672173}.Debug|x64.Build.0 = Debug|x64
		{EA04E8E6-B05B-416E-B0A3-218406672173}.Release|x64.ActiveCfg = Release|x64
		{EA04E8E6-B05B-416E-B0A3-218406672173}.Release|x64.Build.0 = Release|x64
		{EA04E8E6-B05B-416E-B0A3-218406672173}.SSH_Debug|x64.ActiveCfg = SSH_Debug|x64
		{EA04E8E6-B05B-416E-B0A3-218406672173}.SSH_Debug|x64.Build.0 = SSH_Debug|x64
		{EA04E8E6-B05B-416E-B0A3-218406672173}.SSH_Debug|x64.Deploy.0 = SSH_Debug|x64
		{EA04E8E6-B05B-416E-B0A3-218406672173}.SSH_Release|x64.ActiveCfg = SSH_Release|x64
		{EA04E8E6-B05B-416E-B0A3-218406672173}.SSH_Release|x64.Build.0 = SSH_Release|x64
		{EA04E8E6-B05B-416E-B0A3-218406672173}.SSH_Release|x64.Deploy.0 = SSH_Release|x64
		{EA04E8E6-B05B-416E-B0A3-218406672173}.WSL_Debug|x64.ActiveCfg = WSL_Debug|x64
		{EA04E8E6-B05B-416E-B0A3-218406672173}.WSL_Debug|x64.Build.0 = WSL_Debug|x64
		{EA04E8E6-B05B-416E-B0A3-218406672173}.WSL_Debug|x64.Deploy.0 = WSL_Debug|x64
		{EA04E8E6-B05B-416E-B0A3-218406672173}.WSL_Release|x64.ActiveCfg = WSL_Release|x64
		{EA04E8E6-B05B-416E-B0A3-218406672173}.WSL_Release|x64.Build.0 = WSL_Release|x64
		{EA04E8E6-B05B-416E-B0A3-218406672173}.WSL_Release|x64.Deploy.0 = WSL_Release|x64
		{EAA22B22-9D2F-454B-ABB1-D6EC77F1E385}.Debug|x64.ActiveCfg = Debug|x64
		{EAA22B22-9D2F-454B-ABB1-D6EC77F1E385}.Debug|x64.Build.0 = Debug|x64
		{EAA22B22-9D2F-454B-ABB1-D6EC77F1E385}.Release|x64.ActiveCfg = Release|x64
		{EAA22B22-9D2F-454B-ABB1-D6EC77F1E385}.Release|x64.Build.0 = Release|x64
		{EAA22B22-9D2F-454B-ABB1-D6EC77F1E385}.SSH_Debug|x64.ActiveCfg = Debug|x64
		{EAA22B22-9D2F-454B-ABB1-D6EC77F1E385}.SSH_Debug|x64.Build.0 = Debug|x64
		{EAA22B22-9D2F-454B-ABB1-D6EC77F1E385}.SSH_Release|x64.ActiveCfg = Release|x64
		{EAA22B22-9D2F-454B-ABB1-D6EC77F1E385}.SSH_Release|x64.Build.0 = Release|x64
		{EAA22B22-9D2F-454B-ABB1-D6EC77F1E385}.WSL_Debug|x64.ActiveCfg = WSL_Debug|x64
		{EAA22B22-9D2F-454B-ABB1-D6EC77F1E385}.WSL_Debug|x64.Build.0 = WSL_Debug|x64
		{EAA22B22-9D2F-454B-ABB1-D6EC77F1E385}.WSL_Debug|x64.Deploy.0 = WSL_Debug|x64
		{EAA22B22-9D2F-454B-ABB1-D6EC77F1E385}.WSL_Release|x64.ActiveCfg = WSL_Release|x64
		{EAA22B22-9D2F-454B-ABB1-D6EC77F1E385}.WSL_Release|x64.Build.0 = WSL_Release|x64
		{EAA22B22-9D2F-454B-ABB1-D6EC77F1E385}.WSL_Release|x64.Deploy.0 = WSL_Release|x64
		{0DB6A04F-669B-47B3-9689-7B1A7F4C0943}.Debug|x64.ActiveCfg = Debug|x64
		{0DB6A04F-669B-47B3-9689-7B1A7F4C0943}.Debug|x64.Build.0 = Debug|x64
		{0DB6A04F-669B-47B3-9689-7B1A7F4C0943}.Release|x64.ActiveCfg = Release|x64
		{0DB6A04F-669B-47B3-9689-7B1A7F4C0943}.Release|x64.Build.0 = Release|x64
		{0DB6A04F-669B-47B3-9689-7B1A7F4C0943}.SSH_Debug|x64.ActiveCfg = Debug|x64
		{0DB6A04F-669B-47B3-9689-7B1A7F4C0943}.SSH_Debug|x64.Build.0 = Debug|x64
		{0DB6A04F-669B-47B3-9689-7B1A7F4C0943}.SSH_Release|x64.ActiveCfg = Release|x64
		{0DB6A04F-669B-47B3-9689-7B1A7F4C0943}.SSH_Release|x64.Build.0 = Release|x64
		{0DB6A04F-669B-47B3-9689-7B1A7F4C0943}.WSL_Debug|x64.ActiveCfg = WSL_Debug|x64
		{0DB6A04F-669B-47B3-9689-7B1A7F4C0943}.WSL_Debug|x64.Build.0 = WSL_Debug|x64
		{0DB6A04F-669B-47B3-9689-7B1A7F4C0943}.WSL_Debug|x64.Deploy.0 = WSL_Debug|x64
		{0DB6A04F-669B-47B3-9689-7B1A7F4C0943}.WSL_Release|x64.ActiveCfg = WSL_Release|x64
		{0DB6A04F-669B-47B3-9689-7B1A7F4C0943}.WSL_Release|x64.Build.0 = WSL_Release|x64
		{0DB6A04F-669B-47B3-9689-7B1A7F4C0943}.WSL_Release|x64.Deploy.0 = WSL_Release|x64
		{D093761A-08DF-4A74-A0E3-F34DB77A2118}.Debug|x64.ActiveCfg = Debug|x64
		{D093761A-08DF-4A74-A0E3-F34DB77A2118}.Debug|x64.Build.0 = Debug|x64
		{D093761A-08DF-4A74-A0E3-F34DB77A2118}.Release|x64.ActiveCfg = Release|x64
		{D093761A-08DF-4A74-A0E3-F34DB77A2118}.Release|x64.Build.0 = Release|x64
		{D093761A-08DF-4A74-A0E3-F34DB77A2118}.SSH_Debug|x64.ActiveCfg = Debug|x64
		{D093761A-08DF-4A74-A0E3-F34DB77A2118}.SSH_Debug|x64.Build.0 = Debug|x64
		{D093761A-08DF-4A74-A0E3-F34DB77A2118}.SSH_Release|x64.ActiveCfg = Release|x64
		{D093761A-08DF-4A74-A0E3-F34DB77A2118}.SSH_Release|x64.Build.0 = Release|x64
		{D093761A-08DF-4A74-A0E3-F34DB77A2118}.WSL_Debug|x64.ActiveCfg = WSL_Debug|x64
		{D093761A-08DF-4A74-A0E3-F34DB77A2118}.WSL_Debug|x64.Build.0 = WSL_Debug|x64
		{D093761A-08DF-4A74-A0E3-F34DB77A2118}.WSL_Debug|x64.Deploy.0 = WSL_Debug|x64
		{D093761A-08DF-4A74-A0E3-F34DB77A2118}.WSL_Release|x64.ActiveCfg = WSL_Release|x64
		{D093761A-08DF-4A74-A0E3-F34DB77A2118}.WSL_Release|x64.Build.0 = WSL_Release|x64
		{D093761A-08DF-4A74-A0E3-F34DB77A2118}.WSL_Release|x64.Deploy.0 = WSL_Release|x64
		{2B8A8DAF-B3E6-401B-89F7-3F7C3FD4B76F}.Debug|x64.ActiveCfg = Debug|x64
		{2B8A8DAF-B3E6-401B-89F7-3F7C3FD4B76F}.Debug|x64.Build.0 = Debug|x64
		{2B8A8DAF-B3E6-401B-89F7-3F7C3FD4B76F}.Release|x64.ActiveCfg = Release|x64
		{2B8A8DAF-B3E6-401B-89F7-3F7C3FD4B76F}.Release|x64.Build.0 = Release|x64
		{2B8A8DAF-B3E6-401B-89F7-3F7C3FD4B76F}.SSH_Debug|x64.ActiveCfg = Debug|x64
		{2B8A8DAF-B3E6-401B-89F7-3F7C3FD4B76F}.SSH_Debug|x64.Build.0 = Debug|x64
		{2B8A8DAF-B3E6-401B-89F7-3F7C3FD4B76F}.SSH_Release|x64.ActiveCfg = Release|x64
		{2B8A8DAF-B3E6-401B-89F7-3F7C3FD4B76F}.SSH_Release|x64.Build.0 = Release|x64
		{2B8A8DAF-B3E6-401B-89F7-3F7C3FD4B76F}.WSL_Debug|x64.ActiveCfg = WSL_Debug|x64
		{2B8A8DAF-B3E6-401B-89F7-3F7C3FD4B76F}.WSL_Debug|x64.Build.0 = WSL_Debug|x64
		{2B8A8DAF-B3E6-401B-89F7-3F7C3FD4B76F}.WSL_Debug|x64.Deploy.0 = WSL_Debug|x64
		{2B8A8DAF-B3E6-401B-89F7-3F7C3FD4B76F}.WSL_Release|x64.ActiveCfg = WSL_Release|x64
		{2B8A8DAF-B3E6-401B-89F7-3F7C3FD4B76F}.WSL_Release|x64.Build.0 = WSL_Release|x64
		{2B8A8DAF-B3E6-401B-89F7-3F7C3FD4B76F}.WSL_Release|x64.Deploy.0 = WSL_Release|x64
		{8A84CFAF-D0D5-427A-B70E-84DD047D8575}.Debug|x64.ActiveCfg = Debug|x64
		{8A84CFAF-D0D5-427A-B70E-84DD047D8575}.Debug|x64.Build.0 = Debug|x64
		{8A84CFAF-D0D5-427A-B70E-84DD047D8575}.Release|x64.ActiveCfg = Release|x64
		{8A84CFAF-D0D5-427A-B70E-84DD047D8575}.Release|x64.Build.0 = Release|x64
		{8A84CFAF-D0D5-427A-B70E-84DD047D8575}.SSH_Debug|x64.ActiveCfg = Debug|x64
		{8A84CFAF-D0D5-427A-B70E-84DD047D8575}.SSH_Debug|x64.Build.0 = Debug|x64
		{8A84CFAF-D0D5-427A-B70E-84DD047D8575}.SSH_Release|x64.ActiveCfg = Release|x64
		{8A84CFAF-D0D5-427A-B70E-84DD047D8575}.SSH_Release|x64.Build.0 = Release|x64
		{8A84CFAF-D0D5-427A-B70E-84DD047D8575}.WSL_Debug|x64.ActiveCfg = WSL_Debug|x64
		{8A84CFAF-D0D5-427A-B70E-84DD047D8575}.WSL_Debug|x64.Build.0 = WSL_Debug|x64
		{8A84CFAF-D0D5-427A-B70E-84DD047D8575}.WSL_Debug|x64.Deploy.0 = WSL_Debug|x64
		{8A84CFAF-D0D5-427A-B70E-84DD047D8575}.WSL_Release|x64.ActiveCfg = WSL_Release|x64
		{8A84CFAF-D0D5-427A-B70E-84DD047D8575}.WSL_Release|x64.Build.0 = WSL_Release|x64
		{8A84CFAF-D0D5-427A-B70E-84DD047D8575}.WSL_Release|x64.Deploy.0 = WSL_Release|x64
	EndGlobalSection
	GlobalSection(SolutionProperties) = preSolution
		HideSolutionNode = FALSE
	EndGlobalSection
	GlobalSection(NestedProjects) = preSolution
		{EA04E8E6-B05B-416E-B0A3-218406672173} = {DF6EF840-6255-4EC0-95DE-D606949FC740}
		{0DB6A04F-669B-47B3-9689-7B1A7F4C0943} = {DF6EF840-6255-4EC0-95DE-D606949FC740}
		{D093761A-08DF-4A74-A0E3-F34DB77A2118} = {DF6EF840-6255-4EC0-95DE-D606949FC740}
		{2B8A8DAF-B3E6-401B-89F7-3F7C3FD4B76F} = {DF6EF840-6255-4EC0-95DE-D606949FC740}
	EndGlobalSection
	GlobalSection(ExtensibilityGlobals) = postSolution
		SolutionGuid = {4573FA4C-8CA9-4D09-A546-FECC92A91FE5}
	EndGlobalSection
EndGlobal
