<?xml version="1.0" encoding="utf-8"?>
<Project ToolsVersion="4.0" xmlns="http://schemas.microsoft.com/developer/msbuild/2003">
  <ItemGroup>
    <Filter Include="Export">
      <UniqueIdentifier>{2bc57ff5-c123-4941-8313-f4b58b7c181f}</UniqueIdentifier>
    </Filter>
    <Filter Include="Source Files">
      <UniqueIdentifier>{4FC737F1-C7A5-4376-A066-2A32D752A2FF}</UniqueIdentifier>
      <Extensions>cpp;c;cc;cxx;def;odl;idl;hpj;bat;asm;asmx</Extensions>
    </Filter>
    <Filter Include="Header Files">
      <UniqueIdentifier>{93995380-89BD-4b04-88EB-625FBE52EBFB}</UniqueIdentifier>
      <Extensions>h;hh;hpp;hxx;hm;inl;inc;ipp;xsd</Extensions>
    </Filter>
    <Filter Include="Resource Files">
      <UniqueIdentifier>{67DA6AB6-F800-4c08-8B7A-83BB121AAD01}</UniqueIdentifier>
      <Extensions>rc;ico;cur;bmp;dlg;rc2;rct;bin;rgs;gif;jpg;jpeg;jpe;resx;tiff;tif;png;wav;mfcribbon-ms</Extensions>
    </Filter>
    <Filter Include="Header Files\sink">
      <UniqueIdentifier>{f7320da1-736b-4658-aa90-004afa004a89}</UniqueIdentifier>
    </Filter>
    <Filter Include="Header Files\toLog">
      <UniqueIdentifier>{a8cc95f2-8f38-4e42-b162-f74990ba1306}</UniqueIdentifier>
    </Filter>
    <Filter Include="Source Files\sink">
      <UniqueIdentifier>{ce8ad971-8df5-42e4-9ab9-15a1299d301e}</UniqueIdentifier>
    </Filter>
    <Filter Include="Source Files\toLog">
      <UniqueIdentifier>{aadc7dbb-5317-40b6-8aaf-1d787a5bcfb6}</UniqueIdentifier>
    </Filter>
  </ItemGroup>
  <ItemGroup>
    <None Include="Logger.include.props">
      <Filter>Export</Filter>
    </None>
    <None Include="Logger.import.props">
      <Filter>Export</Filter>
    </None>
  </ItemGroup>
  <ItemGroup>
    <ClInclude Include="resources\versionSpecific.h">
      <Filter>Resource Files</Filter>
    </ClInclude>
    <ClInclude Include="src\Logger_p.hpp">
      <Filter>Source Files</Filter>
    </ClInclude>
    <ClInclude Include="include\Logger\log_level.hpp">
      <Filter>Header Files</Filter>
    </ClInclude>
    <ClInclude Include="include\Logger\Logger.hpp">
      <Filter>Header Files</Filter>
    </ClInclude>
    <ClInclude Include="include\Logger\Logger_api.h">
      <Filter>Header Files</Filter>
    </ClInclude>
    <ClInclude Include="include\Logger\Logger_client.hpp">
      <Filter>Header Files</Filter>
    </ClInclude>
    <ClInclude Include="include\Logger\Logger_service.hpp">
      <Filter>Header Files</Filter>
    </ClInclude>
    <ClInclude Include="include\Logger\sink\log_console_sink.hpp">
      <Filter>Header Files\sink</Filter>
    </ClInclude>
    <ClInclude Include="include\Logger\sink\log_debugger_sink.hpp">
      <Filter>Header Files\sink</Filter>
    </ClInclude>
    <ClInclude Include="include\Logger\sink\log_file_sink.hpp">
      <Filter>Header Files\sink</Filter>
    </ClInclude>
    <ClInclude Include="include\Logger\sink\log_sink.hpp">
      <Filter>Header Files\sink</Filter>
    </ClInclude>
    <ClInclude Include="include\Logger\toLog\log_streamer.hpp">
      <Filter>Header Files\toLog</Filter>
    </ClInclude>
    <ClInclude Include="include\Logger\toLog\log_tuple.hpp">
      <Filter>Header Files\toLog</Filter>
    </ClInclude>
    <ClInclude Include="include\Logger\toLog\toLog.hpp">
      <Filter>Header Files\toLog</Filter>
    </ClInclude>
    <ClInclude Include="include\Logger\toLog\toLog_corelib_net.hpp">
      <Filter>Header Files\toLog</Filter>
    </ClInclude>
    <ClInclude Include="include\Logger\toLog\toLog_encoders.hpp">
      <Filter>Header Files\toLog</Filter>
    </ClInclude>
    <ClInclude Include="include\Logger\toLog\toLog_filesystem.hpp">
      <Filter>Header Files\toLog</Filter>
    </ClInclude>
  </ItemGroup>
  <ItemGroup>
    <ResourceCompile Include="resources\dllVersion.rc">
      <Filter>Resource Files</Filter>
    </ResourceCompile>
  </ItemGroup>
  <ItemGroup>
    <ClCompile Include="src\sink\log_file_sink.cpp">
      <Filter>Source Files\sink</Filter>
    </ClCompile>
    <ClCompile Include="src\sink\log_console_sink.cpp">
      <Filter>Source Files\sink</Filter>
    </ClCompile>
    <ClCompile Include="src\sink\log_debugger_sink.cpp">
      <Filter>Source Files\sink</Filter>
    </ClCompile>
    <ClCompile Include="src\toLog\log_streamer.cpp">
      <Filter>Source Files\toLog</Filter>
    </ClCompile>
    <ClCompile Include="src\Logger.cpp">
      <Filter>Source Files</Filter>
    </ClCompile>
  </ItemGroup>
</Project>